// !$*UTF8*$!
{
	archiveVersion = 1;
	classes = {
	};
	objectVersion = 50;
	objects = {

/* Begin PBXBuildFile section */
		2E24A88921AEEF23000A3540 /* TableViewCell.swift in Sources */ = {isa = PBXBuildFile; fileRef = 2E24A88821AEEF23000A3540 /* TableViewCell.swift */; };
		2E24A88D21AEF453000A3540 /* TableViewCell.xib in Resources */ = {isa = PBXBuildFile; fileRef = 2E24A88C21AEF453000A3540 /* TableViewCell.xib */; };
		2E49449F2187DEE000A97FB9 /* AppDelegate.swift in Sources */ = {isa = PBXBuildFile; fileRef = 2E49449E2187DEE000A97FB9 /* AppDelegate.swift */; };
		2E4944A12187DEE000A97FB9 /* ViewController.swift in Sources */ = {isa = PBXBuildFile; fileRef = 2E4944A02187DEE000A97FB9 /* ViewController.swift */; };
		2E4944A42187DEE000A97FB9 /* Wallet.storyboard in Resources */ = {isa = PBXBuildFile; fileRef = 2E4944A22187DEE000A97FB9 /* Wallet.storyboard */; };
		2E4944A72187DEE000A97FB9 /* Bizy.xcdatamodeld in Sources */ = {isa = PBXBuildFile; fileRef = 2E4944A52187DEE000A97FB9 /* Bizy.xcdatamodeld */; };
		2E4944A92187DEE100A97FB9 /* Assets.xcassets in Resources */ = {isa = PBXBuildFile; fileRef = 2E4944A82187DEE100A97FB9 /* Assets.xcassets */; };
		2E4944AC2187DEE100A97FB9 /* LaunchScreen.storyboard in Resources */ = {isa = PBXBuildFile; fileRef = 2E4944AA2187DEE100A97FB9 /* LaunchScreen.storyboard */; };
		2E4944B72187DEE100A97FB9 /* BizyTests.swift in Sources */ = {isa = PBXBuildFile; fileRef = 2E4944B62187DEE100A97FB9 /* BizyTests.swift */; };
		2E4944C22187DEE100A97FB9 /* BizyUITests.swift in Sources */ = {isa = PBXBuildFile; fileRef = 2E4944C12187DEE100A97FB9 /* BizyUITests.swift */; };
		2E4944D62187E84A00A97FB9 /* User.swift in Sources */ = {isa = PBXBuildFile; fileRef = 2E4944D52187E84A00A97FB9 /* User.swift */; };
		2E4FE34F218E82AC00CCAC51 /* WalletCard.swift in Sources */ = {isa = PBXBuildFile; fileRef = 2E4FE34E218E82AC00CCAC51 /* WalletCard.swift */; };
		2E4FE356218E8D6000CCAC51 /* QRCode.swift in Sources */ = {isa = PBXBuildFile; fileRef = 2E4FE355218E8D6000CCAC51 /* QRCode.swift */; };
		2E4FE358218E8DA100CCAC51 /* CIColorExtension.swift in Sources */ = {isa = PBXBuildFile; fileRef = 2E4FE357218E8DA100CCAC51 /* CIColorExtension.swift */; };
		2E4FE35A218E8DCA00CCAC51 /* CIImageExtension.swift in Sources */ = {isa = PBXBuildFile; fileRef = 2E4FE359218E8DCA00CCAC51 /* CIImageExtension.swift */; };
		2E4FE35D218E8F2900CCAC51 /* UserParser.swift in Sources */ = {isa = PBXBuildFile; fileRef = 2E4FE35C218E8F2900CCAC51 /* UserParser.swift */; };
		2E4FE35F218E8F4A00CCAC51 /* WalletParser.swift in Sources */ = {isa = PBXBuildFile; fileRef = 2E4FE35E218E8F4A00CCAC51 /* WalletParser.swift */; };
		2E4FE361218E91BC00CCAC51 /* QRCodeReader.swift in Sources */ = {isa = PBXBuildFile; fileRef = 2E4FE360218E91BC00CCAC51 /* QRCodeReader.swift */; };
		2E4FE363218E91E600CCAC51 /* QRCodeReaderResult.swift in Sources */ = {isa = PBXBuildFile; fileRef = 2E4FE362218E91E600CCAC51 /* QRCodeReaderResult.swift */; };
		2E4FE365218E923A00CCAC51 /* QRCodeReaderView.swift in Sources */ = {isa = PBXBuildFile; fileRef = 2E4FE364218E923A00CCAC51 /* QRCodeReaderView.swift */; };
		2E8EEB6821B929FE00968A6F /* RequiredInfoController.swift in Sources */ = {isa = PBXBuildFile; fileRef = 2E8EEB6721B929FE00968A6F /* RequiredInfoController.swift */; };
		2E8EEB6A21B92AAA00968A6F /* ProfessionalInfoController.swift in Sources */ = {isa = PBXBuildFile; fileRef = 2E8EEB6921B92AAA00968A6F /* ProfessionalInfoController.swift */; };
		2E8EEB6C21B92AE500968A6F /* SupplementaryInfoController.swift in Sources */ = {isa = PBXBuildFile; fileRef = 2E8EEB6B21B92AE500968A6F /* SupplementaryInfoController.swift */; };
		2EC4B3E821951393006E9B3E /* UserParserTests.swift in Sources */ = {isa = PBXBuildFile; fileRef = 2EC4B3E721951393006E9B3E /* UserParserTests.swift */; };
		2EC4B3EA21952BD1006E9B3E /* WalletController.swift in Sources */ = {isa = PBXBuildFile; fileRef = 2EC4B3E921952BD1006E9B3E /* WalletController.swift */; };
		2EC4B3ED21954AD4006E9B3E /* GetUserData.swift in Sources */ = {isa = PBXBuildFile; fileRef = 2EC4B3EC21954AD4006E9B3E /* GetUserData.swift */; };
		2EC4B3EF21955E80006E9B3E /* Temp.storyboard in Resources */ = {isa = PBXBuildFile; fileRef = 2EC4B3EE21955E80006E9B3E /* Temp.storyboard */; };
		2EC4B3F121956439006E9B3E /* CameraViewController.swift in Sources */ = {isa = PBXBuildFile; fileRef = 2EC4B3F021956439006E9B3E /* CameraViewController.swift */; };
		2EC4B3F32195645F006E9B3E /* QRCodeController.swift in Sources */ = {isa = PBXBuildFile; fileRef = 2EC4B3F22195645F006E9B3E /* QRCodeController.swift */; };
		2EC4B3F521957A35006E9B3E /* SecondaryCameraView.swift in Sources */ = {isa = PBXBuildFile; fileRef = 2EC4B3F421957A35006E9B3E /* SecondaryCameraView.swift */; };
		2EC4B3F7219590EA006E9B3E /* ShowUserController.swift in Sources */ = {isa = PBXBuildFile; fileRef = 2EC4B3F6219590E9006E9B3E /* ShowUserController.swift */; };
		2ECB0813218E929F0035D264 /* QRCodeViewContainer.swift in Sources */ = {isa = PBXBuildFile; fileRef = 2ECB0812218E929F0035D264 /* QRCodeViewContainer.swift */; };
		2ECB0815218E92C90035D264 /* QRCodeReaderViewController.swift in Sources */ = {isa = PBXBuildFile; fileRef = 2ECB0814218E92C90035D264 /* QRCodeReaderViewController.swift */; };
		2ECB0817218E92F40035D264 /* QRCodeReaderViewControllerBuilder.swift in Sources */ = {isa = PBXBuildFile; fileRef = 2ECB0816218E92F40035D264 /* QRCodeReaderViewControllerBuilder.swift */; };
		2ECB0819218E93130035D264 /* QRCodeReaderViewControllerDelegate.swift in Sources */ = {isa = PBXBuildFile; fileRef = 2ECB0818218E93130035D264 /* QRCodeReaderViewControllerDelegate.swift */; };
		2ECB081B218E932A0035D264 /* ReaderOverlayView.swift in Sources */ = {isa = PBXBuildFile; fileRef = 2ECB081A218E932A0035D264 /* ReaderOverlayView.swift */; };
		2ECB081D218E93460035D264 /* SwitchCameraButton.swift in Sources */ = {isa = PBXBuildFile; fileRef = 2ECB081C218E93460035D264 /* SwitchCameraButton.swift */; };
		2ECB081F218E935E0035D264 /* ToggleTorchButton.swift in Sources */ = {isa = PBXBuildFile; fileRef = 2ECB081E218E935E0035D264 /* ToggleTorchButton.swift */; };
		2ED36DD721BA3911009B0DC9 /* ContactInfoController.swift in Sources */ = {isa = PBXBuildFile; fileRef = 2ED36DD621BA3911009B0DC9 /* ContactInfoController.swift */; };
		2ED67D6521B130E000CA6270 /* CardDetailView.swift in Sources */ = {isa = PBXBuildFile; fileRef = 2ED67D6421B130E000CA6270 /* CardDetailView.swift */; };
		428A577047830792AC44C131 /* Pods_BizyUITests.framework in Frameworks */ = {isa = PBXBuildFile; fileRef = 2F6949F043C67A28AEFBACDC /* Pods_BizyUITests.framework */; };
		626A79BF21BA58A300863687 /* GiddyupStd.otf in Resources */ = {isa = PBXBuildFile; fileRef = 626A79BE21BA58A300863687 /* GiddyupStd.otf */; };
		626A79C021BA58A300863687 /* GiddyupStd.otf in Resources */ = {isa = PBXBuildFile; fileRef = 626A79BE21BA58A300863687 /* GiddyupStd.otf */; };
		626A79C121BA58A300863687 /* GiddyupStd.otf in Resources */ = {isa = PBXBuildFile; fileRef = 626A79BE21BA58A300863687 /* GiddyupStd.otf */; };
		626A79C321BA58AF00863687 /* logo.png in Resources */ = {isa = PBXBuildFile; fileRef = 626A79C221BA58AF00863687 /* logo.png */; };
		626A79C421BA58AF00863687 /* logo.png in Resources */ = {isa = PBXBuildFile; fileRef = 626A79C221BA58AF00863687 /* logo.png */; };
		626A79C521BA58AF00863687 /* logo.png in Resources */ = {isa = PBXBuildFile; fileRef = 626A79C221BA58AF00863687 /* logo.png */; };
		626A79C721BA58B600863687 /* logo-2.png in Resources */ = {isa = PBXBuildFile; fileRef = 626A79C621BA58B600863687 /* logo-2.png */; };
		626A79C821BA58B600863687 /* logo-2.png in Resources */ = {isa = PBXBuildFile; fileRef = 626A79C621BA58B600863687 /* logo-2.png */; };
		626A79C921BA58B600863687 /* logo-2.png in Resources */ = {isa = PBXBuildFile; fileRef = 626A79C621BA58B600863687 /* logo-2.png */; };
		62C22B33219910DE00189CDB /* EditProfileController.swift in Sources */ = {isa = PBXBuildFile; fileRef = 62C22B32219910DE00189CDB /* EditProfileController.swift */; };
		62C22B352199137200189CDB /* ProfileViewController.swift in Sources */ = {isa = PBXBuildFile; fileRef = 62C22B342199137200189CDB /* ProfileViewController.swift */; };
		8441071D1D42271A2DED5928 /* Pods_Bizy.framework in Frameworks */ = {isa = PBXBuildFile; fileRef = 7C2EF5CC9EC417F699F6D78A /* Pods_Bizy.framework */; };
		8BD9D93944558DC296445380 /* Pods_BizyTests.framework in Frameworks */ = {isa = PBXBuildFile; fileRef = BA7A915DCACD0E444B4D1758 /* Pods_BizyTests.framework */; };
/* End PBXBuildFile section */

/* Begin PBXContainerItemProxy section */
		2E4944B32187DEE100A97FB9 /* PBXContainerItemProxy */ = {
			isa = PBXContainerItemProxy;
			containerPortal = 2E4944932187DEDF00A97FB9 /* Project object */;
			proxyType = 1;
			remoteGlobalIDString = 2E49449A2187DEDF00A97FB9;
			remoteInfo = Bizy;
		};
		2E4944BE2187DEE100A97FB9 /* PBXContainerItemProxy */ = {
			isa = PBXContainerItemProxy;
			containerPortal = 2E4944932187DEDF00A97FB9 /* Project object */;
			proxyType = 1;
			remoteGlobalIDString = 2E49449A2187DEDF00A97FB9;
			remoteInfo = Bizy;
		};
/* End PBXContainerItemProxy section */

/* Begin PBXFileReference section */
		218BA0C204732D86F13F1821 /* Pods-BizyUITests.release.xcconfig */ = {isa = PBXFileReference; includeInIndex = 1; lastKnownFileType = text.xcconfig; name = "Pods-BizyUITests.release.xcconfig"; path = "Pods/Target Support Files/Pods-BizyUITests/Pods-BizyUITests.release.xcconfig"; sourceTree = "<group>"; };
		2E11246021B1AA3300CAED5D /* Bizy 2.xcdatamodel */ = {isa = PBXFileReference; lastKnownFileType = wrapper.xcdatamodel; path = "Bizy 2.xcdatamodel"; sourceTree = "<group>"; };
		2E24A88821AEEF23000A3540 /* TableViewCell.swift */ = {isa = PBXFileReference; lastKnownFileType = sourcecode.swift; path = TableViewCell.swift; sourceTree = "<group>"; };
		2E24A88C21AEF453000A3540 /* TableViewCell.xib */ = {isa = PBXFileReference; lastKnownFileType = file.xib; path = TableViewCell.xib; sourceTree = "<group>"; };
		2E49449B2187DEE000A97FB9 /* Bizy.app */ = {isa = PBXFileReference; explicitFileType = wrapper.application; includeInIndex = 0; path = Bizy.app; sourceTree = BUILT_PRODUCTS_DIR; };
		2E49449E2187DEE000A97FB9 /* AppDelegate.swift */ = {isa = PBXFileReference; lastKnownFileType = sourcecode.swift; path = AppDelegate.swift; sourceTree = "<group>"; };
		2E4944A02187DEE000A97FB9 /* ViewController.swift */ = {isa = PBXFileReference; lastKnownFileType = sourcecode.swift; path = ViewController.swift; sourceTree = "<group>"; };
		2E4944A32187DEE000A97FB9 /* Base */ = {isa = PBXFileReference; lastKnownFileType = file.storyboard; name = Base; path = Base.lproj/Wallet.storyboard; sourceTree = "<group>"; };
		2E4944A62187DEE000A97FB9 /* Bizy.xcdatamodel */ = {isa = PBXFileReference; lastKnownFileType = wrapper.xcdatamodel; path = Bizy.xcdatamodel; sourceTree = "<group>"; };
		2E4944A82187DEE100A97FB9 /* Assets.xcassets */ = {isa = PBXFileReference; lastKnownFileType = folder.assetcatalog; path = Assets.xcassets; sourceTree = "<group>"; };
		2E4944AB2187DEE100A97FB9 /* Base */ = {isa = PBXFileReference; lastKnownFileType = file.storyboard; name = Base; path = Base.lproj/LaunchScreen.storyboard; sourceTree = "<group>"; };
		2E4944AD2187DEE100A97FB9 /* Info.plist */ = {isa = PBXFileReference; lastKnownFileType = text.plist.xml; path = Info.plist; sourceTree = "<group>"; };
		2E4944B22187DEE100A97FB9 /* BizyTests.xctest */ = {isa = PBXFileReference; explicitFileType = wrapper.cfbundle; includeInIndex = 0; path = BizyTests.xctest; sourceTree = BUILT_PRODUCTS_DIR; };
		2E4944B62187DEE100A97FB9 /* BizyTests.swift */ = {isa = PBXFileReference; lastKnownFileType = sourcecode.swift; path = BizyTests.swift; sourceTree = "<group>"; };
		2E4944B82187DEE100A97FB9 /* Info.plist */ = {isa = PBXFileReference; lastKnownFileType = text.plist.xml; path = Info.plist; sourceTree = "<group>"; };
		2E4944BD2187DEE100A97FB9 /* BizyUITests.xctest */ = {isa = PBXFileReference; explicitFileType = wrapper.cfbundle; includeInIndex = 0; path = BizyUITests.xctest; sourceTree = BUILT_PRODUCTS_DIR; };
		2E4944C12187DEE100A97FB9 /* BizyUITests.swift */ = {isa = PBXFileReference; lastKnownFileType = sourcecode.swift; path = BizyUITests.swift; sourceTree = "<group>"; };
		2E4944C32187DEE100A97FB9 /* Info.plist */ = {isa = PBXFileReference; lastKnownFileType = text.plist.xml; path = Info.plist; sourceTree = "<group>"; };
		2E4944D52187E84A00A97FB9 /* User.swift */ = {isa = PBXFileReference; lastKnownFileType = sourcecode.swift; path = User.swift; sourceTree = "<group>"; };
		2E4FE34E218E82AC00CCAC51 /* WalletCard.swift */ = {isa = PBXFileReference; lastKnownFileType = sourcecode.swift; path = WalletCard.swift; sourceTree = "<group>"; };
		2E4FE355218E8D6000CCAC51 /* QRCode.swift */ = {isa = PBXFileReference; lastKnownFileType = sourcecode.swift; path = QRCode.swift; sourceTree = "<group>"; };
		2E4FE357218E8DA100CCAC51 /* CIColorExtension.swift */ = {isa = PBXFileReference; lastKnownFileType = sourcecode.swift; path = CIColorExtension.swift; sourceTree = "<group>"; };
		2E4FE359218E8DCA00CCAC51 /* CIImageExtension.swift */ = {isa = PBXFileReference; lastKnownFileType = sourcecode.swift; path = CIImageExtension.swift; sourceTree = "<group>"; };
		2E4FE35C218E8F2900CCAC51 /* UserParser.swift */ = {isa = PBXFileReference; lastKnownFileType = sourcecode.swift; path = UserParser.swift; sourceTree = "<group>"; };
		2E4FE35E218E8F4A00CCAC51 /* WalletParser.swift */ = {isa = PBXFileReference; lastKnownFileType = sourcecode.swift; path = WalletParser.swift; sourceTree = "<group>"; };
		2E4FE360218E91BC00CCAC51 /* QRCodeReader.swift */ = {isa = PBXFileReference; lastKnownFileType = sourcecode.swift; path = QRCodeReader.swift; sourceTree = "<group>"; };
		2E4FE362218E91E600CCAC51 /* QRCodeReaderResult.swift */ = {isa = PBXFileReference; lastKnownFileType = sourcecode.swift; path = QRCodeReaderResult.swift; sourceTree = "<group>"; };
		2E4FE364218E923A00CCAC51 /* QRCodeReaderView.swift */ = {isa = PBXFileReference; lastKnownFileType = sourcecode.swift; path = QRCodeReaderView.swift; sourceTree = "<group>"; };
		2E8EEB6721B929FE00968A6F /* RequiredInfoController.swift */ = {isa = PBXFileReference; lastKnownFileType = sourcecode.swift; path = RequiredInfoController.swift; sourceTree = "<group>"; };
		2E8EEB6921B92AAA00968A6F /* ProfessionalInfoController.swift */ = {isa = PBXFileReference; lastKnownFileType = sourcecode.swift; path = ProfessionalInfoController.swift; sourceTree = "<group>"; };
		2E8EEB6B21B92AE500968A6F /* SupplementaryInfoController.swift */ = {isa = PBXFileReference; lastKnownFileType = sourcecode.swift; path = SupplementaryInfoController.swift; sourceTree = "<group>"; };
		2EC4B3E721951393006E9B3E /* UserParserTests.swift */ = {isa = PBXFileReference; lastKnownFileType = sourcecode.swift; path = UserParserTests.swift; sourceTree = "<group>"; };
		2EC4B3E921952BD1006E9B3E /* WalletController.swift */ = {isa = PBXFileReference; lastKnownFileType = sourcecode.swift; path = WalletController.swift; sourceTree = "<group>"; };
		2EC4B3EC21954AD4006E9B3E /* GetUserData.swift */ = {isa = PBXFileReference; lastKnownFileType = sourcecode.swift; path = GetUserData.swift; sourceTree = "<group>"; };
		2EC4B3EE21955E80006E9B3E /* Temp.storyboard */ = {isa = PBXFileReference; lastKnownFileType = file.storyboard; path = Temp.storyboard; sourceTree = "<group>"; };
		2EC4B3F021956439006E9B3E /* CameraViewController.swift */ = {isa = PBXFileReference; lastKnownFileType = sourcecode.swift; path = CameraViewController.swift; sourceTree = "<group>"; };
		2EC4B3F22195645F006E9B3E /* QRCodeController.swift */ = {isa = PBXFileReference; lastKnownFileType = sourcecode.swift; path = QRCodeController.swift; sourceTree = "<group>"; };
		2EC4B3F421957A35006E9B3E /* SecondaryCameraView.swift */ = {isa = PBXFileReference; lastKnownFileType = sourcecode.swift; path = SecondaryCameraView.swift; sourceTree = "<group>"; };
		2EC4B3F6219590E9006E9B3E /* ShowUserController.swift */ = {isa = PBXFileReference; lastKnownFileType = sourcecode.swift; path = ShowUserController.swift; sourceTree = "<group>"; };
		2ECB0812218E929F0035D264 /* QRCodeViewContainer.swift */ = {isa = PBXFileReference; lastKnownFileType = sourcecode.swift; path = QRCodeViewContainer.swift; sourceTree = "<group>"; };
		2ECB0814218E92C90035D264 /* QRCodeReaderViewController.swift */ = {isa = PBXFileReference; lastKnownFileType = sourcecode.swift; path = QRCodeReaderViewController.swift; sourceTree = "<group>"; };
		2ECB0816218E92F40035D264 /* QRCodeReaderViewControllerBuilder.swift */ = {isa = PBXFileReference; lastKnownFileType = sourcecode.swift; path = QRCodeReaderViewControllerBuilder.swift; sourceTree = "<group>"; };
		2ECB0818218E93130035D264 /* QRCodeReaderViewControllerDelegate.swift */ = {isa = PBXFileReference; lastKnownFileType = sourcecode.swift; path = QRCodeReaderViewControllerDelegate.swift; sourceTree = "<group>"; };
		2ECB081A218E932A0035D264 /* ReaderOverlayView.swift */ = {isa = PBXFileReference; lastKnownFileType = sourcecode.swift; path = ReaderOverlayView.swift; sourceTree = "<group>"; };
		2ECB081C218E93460035D264 /* SwitchCameraButton.swift */ = {isa = PBXFileReference; lastKnownFileType = sourcecode.swift; path = SwitchCameraButton.swift; sourceTree = "<group>"; };
		2ECB081E218E935E0035D264 /* ToggleTorchButton.swift */ = {isa = PBXFileReference; lastKnownFileType = sourcecode.swift; path = ToggleTorchButton.swift; sourceTree = "<group>"; };
		2ED36DD621BA3911009B0DC9 /* ContactInfoController.swift */ = {isa = PBXFileReference; lastKnownFileType = sourcecode.swift; path = ContactInfoController.swift; sourceTree = "<group>"; };
		2ED67D6421B130E000CA6270 /* CardDetailView.swift */ = {isa = PBXFileReference; lastKnownFileType = sourcecode.swift; path = CardDetailView.swift; sourceTree = "<group>"; };
		2F6949F043C67A28AEFBACDC /* Pods_BizyUITests.framework */ = {isa = PBXFileReference; explicitFileType = wrapper.framework; includeInIndex = 0; path = Pods_BizyUITests.framework; sourceTree = BUILT_PRODUCTS_DIR; };
		626A79BE21BA58A300863687 /* GiddyupStd.otf */ = {isa = PBXFileReference; lastKnownFileType = file; path = GiddyupStd.otf; sourceTree = "<group>"; };
		626A79C221BA58AF00863687 /* logo.png */ = {isa = PBXFileReference; lastKnownFileType = image.png; path = logo.png; sourceTree = "<group>"; };
		626A79C621BA58B600863687 /* logo-2.png */ = {isa = PBXFileReference; lastKnownFileType = image.png; path = "logo-2.png"; sourceTree = "<group>"; };
		62C22B32219910DE00189CDB /* EditProfileController.swift */ = {isa = PBXFileReference; lastKnownFileType = sourcecode.swift; path = EditProfileController.swift; sourceTree = "<group>"; };
		62C22B342199137200189CDB /* ProfileViewController.swift */ = {isa = PBXFileReference; lastKnownFileType = sourcecode.swift; path = ProfileViewController.swift; sourceTree = "<group>"; };
		68C38BC3FFE055A1C3E2B9B6 /* Pods-BizyTests.release.xcconfig */ = {isa = PBXFileReference; includeInIndex = 1; lastKnownFileType = text.xcconfig; name = "Pods-BizyTests.release.xcconfig"; path = "Pods/Target Support Files/Pods-BizyTests/Pods-BizyTests.release.xcconfig"; sourceTree = "<group>"; };
		70CEB54289FDECAD0E8FAE88 /* Pods-BizyTests.debug.xcconfig */ = {isa = PBXFileReference; includeInIndex = 1; lastKnownFileType = text.xcconfig; name = "Pods-BizyTests.debug.xcconfig"; path = "Pods/Target Support Files/Pods-BizyTests/Pods-BizyTests.debug.xcconfig"; sourceTree = "<group>"; };
		7B895FF69AC8C545A4491F36 /* Pods-Bizy.release.xcconfig */ = {isa = PBXFileReference; includeInIndex = 1; lastKnownFileType = text.xcconfig; name = "Pods-Bizy.release.xcconfig"; path = "Pods/Target Support Files/Pods-Bizy/Pods-Bizy.release.xcconfig"; sourceTree = "<group>"; };
		7C2EF5CC9EC417F699F6D78A /* Pods_Bizy.framework */ = {isa = PBXFileReference; explicitFileType = wrapper.framework; includeInIndex = 0; path = Pods_Bizy.framework; sourceTree = BUILT_PRODUCTS_DIR; };
		BA7A915DCACD0E444B4D1758 /* Pods_BizyTests.framework */ = {isa = PBXFileReference; explicitFileType = wrapper.framework; includeInIndex = 0; path = Pods_BizyTests.framework; sourceTree = BUILT_PRODUCTS_DIR; };
		CE06CF96A5684291A3C3C60C /* Pods-Bizy.debug.xcconfig */ = {isa = PBXFileReference; includeInIndex = 1; lastKnownFileType = text.xcconfig; name = "Pods-Bizy.debug.xcconfig"; path = "Pods/Target Support Files/Pods-Bizy/Pods-Bizy.debug.xcconfig"; sourceTree = "<group>"; };
		CE870486F4CA2484BE89FB0F /* Pods-BizyUITests.debug.xcconfig */ = {isa = PBXFileReference; includeInIndex = 1; lastKnownFileType = text.xcconfig; name = "Pods-BizyUITests.debug.xcconfig"; path = "Pods/Target Support Files/Pods-BizyUITests/Pods-BizyUITests.debug.xcconfig"; sourceTree = "<group>"; };
/* End PBXFileReference section */

/* Begin PBXFrameworksBuildPhase section */
		2E4944982187DEDF00A97FB9 /* Frameworks */ = {
			isa = PBXFrameworksBuildPhase;
			buildActionMask = 2147483647;
			files = (
				8441071D1D42271A2DED5928 /* Pods_Bizy.framework in Frameworks */,
			);
			runOnlyForDeploymentPostprocessing = 0;
		};
		2E4944AF2187DEE100A97FB9 /* Frameworks */ = {
			isa = PBXFrameworksBuildPhase;
			buildActionMask = 2147483647;
			files = (
				8BD9D93944558DC296445380 /* Pods_BizyTests.framework in Frameworks */,
			);
			runOnlyForDeploymentPostprocessing = 0;
		};
		2E4944BA2187DEE100A97FB9 /* Frameworks */ = {
			isa = PBXFrameworksBuildPhase;
			buildActionMask = 2147483647;
			files = (
				428A577047830792AC44C131 /* Pods_BizyUITests.framework in Frameworks */,
			);
			runOnlyForDeploymentPostprocessing = 0;
		};
/* End PBXFrameworksBuildPhase section */

/* Begin PBXGroup section */
		2E4944922187DEDF00A97FB9 = {
			isa = PBXGroup;
			children = (
				2E49449D2187DEE000A97FB9 /* Bizy */,
				2E4944B52187DEE100A97FB9 /* BizyTests */,
				2E4944C02187DEE100A97FB9 /* BizyUITests */,
				2E49449C2187DEE000A97FB9 /* Products */,
				31755658F43CD05C0CD17C94 /* Pods */,
				C40922B1801850AF3EC184B0 /* Frameworks */,
			);
			sourceTree = "<group>";
		};
		2E49449C2187DEE000A97FB9 /* Products */ = {
			isa = PBXGroup;
			children = (
				2E49449B2187DEE000A97FB9 /* Bizy.app */,
				2E4944B22187DEE100A97FB9 /* BizyTests.xctest */,
				2E4944BD2187DEE100A97FB9 /* BizyUITests.xctest */,
			);
			name = Products;
			sourceTree = "<group>";
		};
		2E49449D2187DEE000A97FB9 /* Bizy */ = {
			isa = PBXGroup;
			children = (
				2E8EEB6121B8470000968A6F /* Assets */,
				2E909FCA21B83AEB00E6A0D9 /* Fonts */,
				2EC4B3EB219538D9006E9B3E /* Network */,
				2E4944A82187DEE100A97FB9 /* Assets.xcassets */,
				2E4944AD2187DEE100A97FB9 /* Info.plist */,
				2E4FE35B218E8F0000CCAC51 /* Parsers */,
				2E4944D32187DF5E00A97FB9 /* AppDelegate */,
				2E4944D22187DF4500A97FB9 /* InternalAPIs */,
				2E4944D12187DF2500A97FB9 /* Views */,
				2E4944CF2187DEEC00A97FB9 /* Models */,
				2E4944D02187DEF300A97FB9 /* Controller */,
				2E4944A52187DEE000A97FB9 /* Bizy.xcdatamodeld */,
			);
			path = Bizy;
			sourceTree = "<group>";
		};
		2E4944B52187DEE100A97FB9 /* BizyTests */ = {
			isa = PBXGroup;
			children = (
				2EC4B3E621951344006E9B3E /* Classes */,
				2E4944B62187DEE100A97FB9 /* BizyTests.swift */,
				2E4944B82187DEE100A97FB9 /* Info.plist */,
			);
			path = BizyTests;
			sourceTree = "<group>";
		};
		2E4944C02187DEE100A97FB9 /* BizyUITests */ = {
			isa = PBXGroup;
			children = (
				2E4944C12187DEE100A97FB9 /* BizyUITests.swift */,
				2E4944C32187DEE100A97FB9 /* Info.plist */,
			);
			path = BizyUITests;
			sourceTree = "<group>";
		};
		2E4944CF2187DEEC00A97FB9 /* Models */ = {
			isa = PBXGroup;
			children = (
				2E4944D52187E84A00A97FB9 /* User.swift */,
				2E4FE34E218E82AC00CCAC51 /* WalletCard.swift */,
			);
			path = Models;
			sourceTree = "<group>";
		};
		2E4944D02187DEF300A97FB9 /* Controller */ = {
			isa = PBXGroup;
			children = (
				2E4944A02187DEE000A97FB9 /* ViewController.swift */,
				2EC4B3E921952BD1006E9B3E /* WalletController.swift */,
				2EC4B3F021956439006E9B3E /* CameraViewController.swift */,
				2EC4B3F22195645F006E9B3E /* QRCodeController.swift */,
				2EC4B3F421957A35006E9B3E /* SecondaryCameraView.swift */,
				2EC4B3F6219590E9006E9B3E /* ShowUserController.swift */,
				62C22B32219910DE00189CDB /* EditProfileController.swift */,
				62C22B342199137200189CDB /* ProfileViewController.swift */,
				2E24A88821AEEF23000A3540 /* TableViewCell.swift */,
				2E24A88C21AEF453000A3540 /* TableViewCell.xib */,
				2ED67D6421B130E000CA6270 /* CardDetailView.swift */,
				2E8EEB6721B929FE00968A6F /* RequiredInfoController.swift */,
				2E8EEB6921B92AAA00968A6F /* ProfessionalInfoController.swift */,
				2E8EEB6B21B92AE500968A6F /* SupplementaryInfoController.swift */,
				2ED36DD621BA3911009B0DC9 /* ContactInfoController.swift */,
			);
			path = Controller;
			sourceTree = "<group>";
		};
		2E4944D12187DF2500A97FB9 /* Views */ = {
			isa = PBXGroup;
			children = (
				2E4944A22187DEE000A97FB9 /* Wallet.storyboard */,
				2E4944AA2187DEE100A97FB9 /* LaunchScreen.storyboard */,
				2EC4B3EE21955E80006E9B3E /* Temp.storyboard */,
			);
			path = Views;
			sourceTree = "<group>";
		};
		2E4944D22187DF4500A97FB9 /* InternalAPIs */ = {
			isa = PBXGroup;
			children = (
				2E8EEB6021B842AD00968A6F /* Material */,
				2E4FE352218E8C4100CCAC51 /* QRCodeReader */,
				2E4FE350218E8C2200CCAC51 /* QRCodeGenerator */,
			);
			path = InternalAPIs;
			sourceTree = "<group>";
		};
		2E4944D32187DF5E00A97FB9 /* AppDelegate */ = {
			isa = PBXGroup;
			children = (
				2E49449E2187DEE000A97FB9 /* AppDelegate.swift */,
			);
			path = AppDelegate;
			sourceTree = "<group>";
		};
		2E4FE350218E8C2200CCAC51 /* QRCodeGenerator */ = {
			isa = PBXGroup;
			children = (
				2E4FE355218E8D6000CCAC51 /* QRCode.swift */,
				2E4FE357218E8DA100CCAC51 /* CIColorExtension.swift */,
				2E4FE359218E8DCA00CCAC51 /* CIImageExtension.swift */,
			);
			path = QRCodeGenerator;
			sourceTree = "<group>";
		};
		2E4FE352218E8C4100CCAC51 /* QRCodeReader */ = {
			isa = PBXGroup;
			children = (
				2E4FE360218E91BC00CCAC51 /* QRCodeReader.swift */,
				2E4FE362218E91E600CCAC51 /* QRCodeReaderResult.swift */,
				2E4FE364218E923A00CCAC51 /* QRCodeReaderView.swift */,
				2ECB0812218E929F0035D264 /* QRCodeViewContainer.swift */,
				2ECB0814218E92C90035D264 /* QRCodeReaderViewController.swift */,
				2ECB0816218E92F40035D264 /* QRCodeReaderViewControllerBuilder.swift */,
				2ECB0818218E93130035D264 /* QRCodeReaderViewControllerDelegate.swift */,
				2ECB081A218E932A0035D264 /* ReaderOverlayView.swift */,
				2ECB081C218E93460035D264 /* SwitchCameraButton.swift */,
				2ECB081E218E935E0035D264 /* ToggleTorchButton.swift */,
			);
			path = QRCodeReader;
			sourceTree = "<group>";
		};
		2E4FE35B218E8F0000CCAC51 /* Parsers */ = {
			isa = PBXGroup;
			children = (
				2E4FE35C218E8F2900CCAC51 /* UserParser.swift */,
				2E4FE35E218E8F4A00CCAC51 /* WalletParser.swift */,
			);
			path = Parsers;
			sourceTree = "<group>";
		};
		2E8EEB6021B842AD00968A6F /* Material */ = {
			isa = PBXGroup;
			children = (
			);
			path = Material;
			sourceTree = "<group>";
		};
		2E8EEB6121B8470000968A6F /* Assets */ = {
			isa = PBXGroup;
			children = (
				626A79C621BA58B600863687 /* logo-2.png */,
				626A79C221BA58AF00863687 /* logo.png */,
			);
			path = Assets;
			sourceTree = "<group>";
		};
		2E909FCA21B83AEB00E6A0D9 /* Fonts */ = {
			isa = PBXGroup;
			children = (
				626A79BE21BA58A300863687 /* GiddyupStd.otf */,
			);
			path = Fonts;
			sourceTree = "<group>";
		};
		2EC4B3E621951344006E9B3E /* Classes */ = {
			isa = PBXGroup;
			children = (
				2EC4B3E721951393006E9B3E /* UserParserTests.swift */,
			);
			path = Classes;
			sourceTree = "<group>";
		};
		2EC4B3EB219538D9006E9B3E /* Network */ = {
			isa = PBXGroup;
			children = (
				2EC4B3EC21954AD4006E9B3E /* GetUserData.swift */,
			);
			path = Network;
			sourceTree = "<group>";
		};
		31755658F43CD05C0CD17C94 /* Pods */ = {
			isa = PBXGroup;
			children = (
				CE06CF96A5684291A3C3C60C /* Pods-Bizy.debug.xcconfig */,
				7B895FF69AC8C545A4491F36 /* Pods-Bizy.release.xcconfig */,
				70CEB54289FDECAD0E8FAE88 /* Pods-BizyTests.debug.xcconfig */,
				68C38BC3FFE055A1C3E2B9B6 /* Pods-BizyTests.release.xcconfig */,
				CE870486F4CA2484BE89FB0F /* Pods-BizyUITests.debug.xcconfig */,
				218BA0C204732D86F13F1821 /* Pods-BizyUITests.release.xcconfig */,
			);
			name = Pods;
			sourceTree = "<group>";
		};
		C40922B1801850AF3EC184B0 /* Frameworks */ = {
			isa = PBXGroup;
			children = (
				7C2EF5CC9EC417F699F6D78A /* Pods_Bizy.framework */,
				BA7A915DCACD0E444B4D1758 /* Pods_BizyTests.framework */,
				2F6949F043C67A28AEFBACDC /* Pods_BizyUITests.framework */,
			);
			name = Frameworks;
			sourceTree = "<group>";
		};
/* End PBXGroup section */

/* Begin PBXNativeTarget section */
		2E49449A2187DEDF00A97FB9 /* Bizy */ = {
			isa = PBXNativeTarget;
			buildConfigurationList = 2E4944C62187DEE100A97FB9 /* Build configuration list for PBXNativeTarget "Bizy" */;
			buildPhases = (
				C8ED648C684257DD44D37C95 /* [CP] Check Pods Manifest.lock */,
				2E4944972187DEDF00A97FB9 /* Sources */,
				2E4944982187DEDF00A97FB9 /* Frameworks */,
				2E4944992187DEDF00A97FB9 /* Resources */,
				4F87CD3EA84C50038F35DFA5 /* [CP] Embed Pods Frameworks */,
			);
			buildRules = (
			);
			dependencies = (
			);
			name = Bizy;
			productName = Bizy;
			productReference = 2E49449B2187DEE000A97FB9 /* Bizy.app */;
			productType = "com.apple.product-type.application";
		};
		2E4944B12187DEE100A97FB9 /* BizyTests */ = {
			isa = PBXNativeTarget;
			buildConfigurationList = 2E4944C92187DEE100A97FB9 /* Build configuration list for PBXNativeTarget "BizyTests" */;
			buildPhases = (
				4F9DCA9C6098071224C768AB /* [CP] Check Pods Manifest.lock */,
				2E4944AE2187DEE100A97FB9 /* Sources */,
				2E4944AF2187DEE100A97FB9 /* Frameworks */,
				2E4944B02187DEE100A97FB9 /* Resources */,
			);
			buildRules = (
			);
			dependencies = (
				2E4944B42187DEE100A97FB9 /* PBXTargetDependency */,
			);
			name = BizyTests;
			productName = BizyTests;
			productReference = 2E4944B22187DEE100A97FB9 /* BizyTests.xctest */;
			productType = "com.apple.product-type.bundle.unit-test";
		};
		2E4944BC2187DEE100A97FB9 /* BizyUITests */ = {
			isa = PBXNativeTarget;
			buildConfigurationList = 2E4944CC2187DEE100A97FB9 /* Build configuration list for PBXNativeTarget "BizyUITests" */;
			buildPhases = (
				8722572A85F72827227EA8F4 /* [CP] Check Pods Manifest.lock */,
				2E4944B92187DEE100A97FB9 /* Sources */,
				2E4944BA2187DEE100A97FB9 /* Frameworks */,
				2E4944BB2187DEE100A97FB9 /* Resources */,
			);
			buildRules = (
			);
			dependencies = (
				2E4944BF2187DEE100A97FB9 /* PBXTargetDependency */,
			);
			name = BizyUITests;
			productName = BizyUITests;
			productReference = 2E4944BD2187DEE100A97FB9 /* BizyUITests.xctest */;
			productType = "com.apple.product-type.bundle.ui-testing";
		};
/* End PBXNativeTarget section */

/* Begin PBXProject section */
		2E4944932187DEDF00A97FB9 /* Project object */ = {
			isa = PBXProject;
			attributes = {
				LastSwiftUpdateCheck = 0940;
				LastUpgradeCheck = 0940;
				ORGANIZATIONNAME = Wolf;
				TargetAttributes = {
					2E49449A2187DEDF00A97FB9 = {
						CreatedOnToolsVersion = 9.4.1;
					};
					2E4944B12187DEE100A97FB9 = {
						CreatedOnToolsVersion = 9.4.1;
						TestTargetID = 2E49449A2187DEDF00A97FB9;
					};
					2E4944BC2187DEE100A97FB9 = {
						CreatedOnToolsVersion = 9.4.1;
						TestTargetID = 2E49449A2187DEDF00A97FB9;
					};
				};
			};
			buildConfigurationList = 2E4944962187DEDF00A97FB9 /* Build configuration list for PBXProject "Bizy" */;
			compatibilityVersion = "Xcode 9.3";
			developmentRegion = en;
			hasScannedForEncodings = 0;
			knownRegions = (
				en,
				Base,
			);
			mainGroup = 2E4944922187DEDF00A97FB9;
			productRefGroup = 2E49449C2187DEE000A97FB9 /* Products */;
			projectDirPath = "";
			projectRoot = "";
			targets = (
				2E49449A2187DEDF00A97FB9 /* Bizy */,
				2E4944B12187DEE100A97FB9 /* BizyTests */,
				2E4944BC2187DEE100A97FB9 /* BizyUITests */,
			);
		};
/* End PBXProject section */

/* Begin PBXResourcesBuildPhase section */
		2E4944992187DEDF00A97FB9 /* Resources */ = {
			isa = PBXResourcesBuildPhase;
			buildActionMask = 2147483647;
			files = (
				2EC4B3EF21955E80006E9B3E /* Temp.storyboard in Resources */,
				2E24A88D21AEF453000A3540 /* TableViewCell.xib in Resources */,
				2E4944AC2187DEE100A97FB9 /* LaunchScreen.storyboard in Resources */,
				626A79C721BA58B600863687 /* logo-2.png in Resources */,
				626A79C321BA58AF00863687 /* logo.png in Resources */,
				626A79BF21BA58A300863687 /* GiddyupStd.otf in Resources */,
				2E4944A92187DEE100A97FB9 /* Assets.xcassets in Resources */,
				2E4944A42187DEE000A97FB9 /* Wallet.storyboard in Resources */,
			);
			runOnlyForDeploymentPostprocessing = 0;
		};
		2E4944B02187DEE100A97FB9 /* Resources */ = {
			isa = PBXResourcesBuildPhase;
			buildActionMask = 2147483647;
			files = (
				626A79C421BA58AF00863687 /* logo.png in Resources */,
				626A79C021BA58A300863687 /* GiddyupStd.otf in Resources */,
				626A79C821BA58B600863687 /* logo-2.png in Resources */,
			);
			runOnlyForDeploymentPostprocessing = 0;
		};
		2E4944BB2187DEE100A97FB9 /* Resources */ = {
			isa = PBXResourcesBuildPhase;
			buildActionMask = 2147483647;
			files = (
				626A79C521BA58AF00863687 /* logo.png in Resources */,
				626A79C121BA58A300863687 /* GiddyupStd.otf in Resources */,
				626A79C921BA58B600863687 /* logo-2.png in Resources */,
			);
			runOnlyForDeploymentPostprocessing = 0;
		};
/* End PBXResourcesBuildPhase section */

/* Begin PBXShellScriptBuildPhase section */
		4F87CD3EA84C50038F35DFA5 /* [CP] Embed Pods Frameworks */ = {
			isa = PBXShellScriptBuildPhase;
			buildActionMask = 2147483647;
			files = (
			);
			inputPaths = (
				"${SRCROOT}/Pods/Target Support Files/Pods-Bizy/Pods-Bizy-frameworks.sh",
				"${BUILT_PRODUCTS_DIR}/Alamofire/Alamofire.framework",
				"${BUILT_PRODUCTS_DIR}/ChameleonFramework/ChameleonFramework.framework",
				"${BUILT_PRODUCTS_DIR}/MDFInternationalization/MDFInternationalization.framework",
				"${BUILT_PRODUCTS_DIR}/MDFTextAccessibility/MDFTextAccessibility.framework",
				"${BUILT_PRODUCTS_DIR}/MaterialComponents/MaterialComponents.framework",
				"${BUILT_PRODUCTS_DIR}/MotionAnimator/MotionAnimator.framework",
				"${BUILT_PRODUCTS_DIR}/MotionInterchange/MotionInterchange.framework",
				"${BUILT_PRODUCTS_DIR}/MotionTransitioning/MotionTransitioning.framework",
				"${BUILT_PRODUCTS_DIR}/Realm/Realm.framework",
				"${BUILT_PRODUCTS_DIR}/RealmSwift/RealmSwift.framework",
				"${BUILT_PRODUCTS_DIR}/SwiftyJSON/SwiftyJSON.framework",
			);
			name = "[CP] Embed Pods Frameworks";
			outputPaths = (
				"${TARGET_BUILD_DIR}/${FRAMEWORKS_FOLDER_PATH}/Alamofire.framework",
				"${TARGET_BUILD_DIR}/${FRAMEWORKS_FOLDER_PATH}/ChameleonFramework.framework",
				"${TARGET_BUILD_DIR}/${FRAMEWORKS_FOLDER_PATH}/MDFInternationalization.framework",
				"${TARGET_BUILD_DIR}/${FRAMEWORKS_FOLDER_PATH}/MDFTextAccessibility.framework",
				"${TARGET_BUILD_DIR}/${FRAMEWORKS_FOLDER_PATH}/MaterialComponents.framework",
				"${TARGET_BUILD_DIR}/${FRAMEWORKS_FOLDER_PATH}/MotionAnimator.framework",
				"${TARGET_BUILD_DIR}/${FRAMEWORKS_FOLDER_PATH}/MotionInterchange.framework",
				"${TARGET_BUILD_DIR}/${FRAMEWORKS_FOLDER_PATH}/MotionTransitioning.framework",
				"${TARGET_BUILD_DIR}/${FRAMEWORKS_FOLDER_PATH}/Realm.framework",
				"${TARGET_BUILD_DIR}/${FRAMEWORKS_FOLDER_PATH}/RealmSwift.framework",
				"${TARGET_BUILD_DIR}/${FRAMEWORKS_FOLDER_PATH}/SwiftyJSON.framework",
			);
			runOnlyForDeploymentPostprocessing = 0;
			shellPath = /bin/sh;
			shellScript = "\"${SRCROOT}/Pods/Target Support Files/Pods-Bizy/Pods-Bizy-frameworks.sh\"\n";
			showEnvVarsInLog = 0;
		};
		4F9DCA9C6098071224C768AB /* [CP] Check Pods Manifest.lock */ = {
			isa = PBXShellScriptBuildPhase;
			buildActionMask = 2147483647;
			files = (
			);
			inputPaths = (
				"${PODS_PODFILE_DIR_PATH}/Podfile.lock",
				"${PODS_ROOT}/Manifest.lock",
			);
			name = "[CP] Check Pods Manifest.lock";
			outputPaths = (
				"$(DERIVED_FILE_DIR)/Pods-BizyTests-checkManifestLockResult.txt",
			);
			runOnlyForDeploymentPostprocessing = 0;
			shellPath = /bin/sh;
			shellScript = "diff \"${PODS_PODFILE_DIR_PATH}/Podfile.lock\" \"${PODS_ROOT}/Manifest.lock\" > /dev/null\nif [ $? != 0 ] ; then\n    # print error to STDERR\n    echo \"error: The sandbox is not in sync with the Podfile.lock. Run 'pod install' or update your CocoaPods installation.\" >&2\n    exit 1\nfi\n# This output is used by Xcode 'outputs' to avoid re-running this script phase.\necho \"SUCCESS\" > \"${SCRIPT_OUTPUT_FILE_0}\"\n";
			showEnvVarsInLog = 0;
		};
		8722572A85F72827227EA8F4 /* [CP] Check Pods Manifest.lock */ = {
			isa = PBXShellScriptBuildPhase;
			buildActionMask = 2147483647;
			files = (
			);
			inputPaths = (
				"${PODS_PODFILE_DIR_PATH}/Podfile.lock",
				"${PODS_ROOT}/Manifest.lock",
			);
			name = "[CP] Check Pods Manifest.lock";
			outputPaths = (
				"$(DERIVED_FILE_DIR)/Pods-BizyUITests-checkManifestLockResult.txt",
			);
			runOnlyForDeploymentPostprocessing = 0;
			shellPath = /bin/sh;
			shellScript = "diff \"${PODS_PODFILE_DIR_PATH}/Podfile.lock\" \"${PODS_ROOT}/Manifest.lock\" > /dev/null\nif [ $? != 0 ] ; then\n    # print error to STDERR\n    echo \"error: The sandbox is not in sync with the Podfile.lock. Run 'pod install' or update your CocoaPods installation.\" >&2\n    exit 1\nfi\n# This output is used by Xcode 'outputs' to avoid re-running this script phase.\necho \"SUCCESS\" > \"${SCRIPT_OUTPUT_FILE_0}\"\n";
			showEnvVarsInLog = 0;
		};
		C8ED648C684257DD44D37C95 /* [CP] Check Pods Manifest.lock */ = {
			isa = PBXShellScriptBuildPhase;
			buildActionMask = 2147483647;
			files = (
			);
			inputPaths = (
				"${PODS_PODFILE_DIR_PATH}/Podfile.lock",
				"${PODS_ROOT}/Manifest.lock",
			);
			name = "[CP] Check Pods Manifest.lock";
			outputPaths = (
				"$(DERIVED_FILE_DIR)/Pods-Bizy-checkManifestLockResult.txt",
			);
			runOnlyForDeploymentPostprocessing = 0;
			shellPath = /bin/sh;
			shellScript = "diff \"${PODS_PODFILE_DIR_PATH}/Podfile.lock\" \"${PODS_ROOT}/Manifest.lock\" > /dev/null\nif [ $? != 0 ] ; then\n    # print error to STDERR\n    echo \"error: The sandbox is not in sync with the Podfile.lock. Run 'pod install' or update your CocoaPods installation.\" >&2\n    exit 1\nfi\n# This output is used by Xcode 'outputs' to avoid re-running this script phase.\necho \"SUCCESS\" > \"${SCRIPT_OUTPUT_FILE_0}\"\n";
			showEnvVarsInLog = 0;
		};
/* End PBXShellScriptBuildPhase section */

/* Begin PBXSourcesBuildPhase section */
		2E4944972187DEDF00A97FB9 /* Sources */ = {
			isa = PBXSourcesBuildPhase;
			buildActionMask = 2147483647;
			files = (
				2E8EEB6A21B92AAA00968A6F /* ProfessionalInfoController.swift in Sources */,
				2ECB081F218E935E0035D264 /* ToggleTorchButton.swift in Sources */,
				2E8EEB6C21B92AE500968A6F /* SupplementaryInfoController.swift in Sources */,
				2ECB081B218E932A0035D264 /* ReaderOverlayView.swift in Sources */,
				62C22B33219910DE00189CDB /* EditProfileController.swift in Sources */,
				2ED67D6521B130E000CA6270 /* CardDetailView.swift in Sources */,
				2E4944D62187E84A00A97FB9 /* User.swift in Sources */,
				2EC4B3F121956439006E9B3E /* CameraViewController.swift in Sources */,
				2E4FE361218E91BC00CCAC51 /* QRCodeReader.swift in Sources */,
				2EC4B3F521957A35006E9B3E /* SecondaryCameraView.swift in Sources */,
				2E4944A12187DEE000A97FB9 /* ViewController.swift in Sources */,
				2E4FE363218E91E600CCAC51 /* QRCodeReaderResult.swift in Sources */,
				2E24A88921AEEF23000A3540 /* TableViewCell.swift in Sources */,
				2E8EEB6821B929FE00968A6F /* RequiredInfoController.swift in Sources */,
				2E4FE358218E8DA100CCAC51 /* CIColorExtension.swift in Sources */,
				2E4FE35F218E8F4A00CCAC51 /* WalletParser.swift in Sources */,
				2ECB0815218E92C90035D264 /* QRCodeReaderViewController.swift in Sources */,
				2E4944A72187DEE000A97FB9 /* Bizy.xcdatamodeld in Sources */,
				2ED36DD721BA3911009B0DC9 /* ContactInfoController.swift in Sources */,
				2EC4B3F32195645F006E9B3E /* QRCodeController.swift in Sources */,
				2E4FE34F218E82AC00CCAC51 /* WalletCard.swift in Sources */,
				2EC4B3ED21954AD4006E9B3E /* GetUserData.swift in Sources */,
				2ECB081D218E93460035D264 /* SwitchCameraButton.swift in Sources */,
				2ECB0817218E92F40035D264 /* QRCodeReaderViewControllerBuilder.swift in Sources */,
				62C22B352199137200189CDB /* ProfileViewController.swift in Sources */,
				2ECB0813218E929F0035D264 /* QRCodeViewContainer.swift in Sources */,
				2E4FE35A218E8DCA00CCAC51 /* CIImageExtension.swift in Sources */,
				2E49449F2187DEE000A97FB9 /* AppDelegate.swift in Sources */,
				2E4FE35D218E8F2900CCAC51 /* UserParser.swift in Sources */,
				2ECB0819218E93130035D264 /* QRCodeReaderViewControllerDelegate.swift in Sources */,
				2EC4B3EA21952BD1006E9B3E /* WalletController.swift in Sources */,
				2EC4B3F7219590EA006E9B3E /* ShowUserController.swift in Sources */,
				2E4FE365218E923A00CCAC51 /* QRCodeReaderView.swift in Sources */,
				2E4FE356218E8D6000CCAC51 /* QRCode.swift in Sources */,
			);
			runOnlyForDeploymentPostprocessing = 0;
		};
		2E4944AE2187DEE100A97FB9 /* Sources */ = {
			isa = PBXSourcesBuildPhase;
			buildActionMask = 2147483647;
			files = (
				2E4944B72187DEE100A97FB9 /* BizyTests.swift in Sources */,
				2EC4B3E821951393006E9B3E /* UserParserTests.swift in Sources */,
			);
			runOnlyForDeploymentPostprocessing = 0;
		};
		2E4944B92187DEE100A97FB9 /* Sources */ = {
			isa = PBXSourcesBuildPhase;
			buildActionMask = 2147483647;
			files = (
				2E4944C22187DEE100A97FB9 /* BizyUITests.swift in Sources */,
			);
			runOnlyForDeploymentPostprocessing = 0;
		};
/* End PBXSourcesBuildPhase section */

/* Begin PBXTargetDependency section */
		2E4944B42187DEE100A97FB9 /* PBXTargetDependency */ = {
			isa = PBXTargetDependency;
			target = 2E49449A2187DEDF00A97FB9 /* Bizy */;
			targetProxy = 2E4944B32187DEE100A97FB9 /* PBXContainerItemProxy */;
		};
		2E4944BF2187DEE100A97FB9 /* PBXTargetDependency */ = {
			isa = PBXTargetDependency;
			target = 2E49449A2187DEDF00A97FB9 /* Bizy */;
			targetProxy = 2E4944BE2187DEE100A97FB9 /* PBXContainerItemProxy */;
		};
/* End PBXTargetDependency section */

/* Begin PBXVariantGroup section */
		2E4944A22187DEE000A97FB9 /* Wallet.storyboard */ = {
			isa = PBXVariantGroup;
			children = (
				2E4944A32187DEE000A97FB9 /* Base */,
			);
			name = Wallet.storyboard;
			sourceTree = "<group>";
		};
		2E4944AA2187DEE100A97FB9 /* LaunchScreen.storyboard */ = {
			isa = PBXVariantGroup;
			children = (
				2E4944AB2187DEE100A97FB9 /* Base */,
			);
			name = LaunchScreen.storyboard;
			sourceTree = "<group>";
		};
/* End PBXVariantGroup section */

/* Begin XCBuildConfiguration section */
		2E4944C42187DEE100A97FB9 /* Debug */ = {
			isa = XCBuildConfiguration;
			buildSettings = {
				ALWAYS_SEARCH_USER_PATHS = NO;
				CLANG_ANALYZER_NONNULL = YES;
				CLANG_ANALYZER_NUMBER_OBJECT_CONVERSION = YES_AGGRESSIVE;
				CLANG_CXX_LANGUAGE_STANDARD = "gnu++14";
				CLANG_CXX_LIBRARY = "libc++";
				CLANG_ENABLE_MODULES = YES;
				CLANG_ENABLE_OBJC_ARC = YES;
				CLANG_ENABLE_OBJC_WEAK = YES;
				CLANG_WARN_BLOCK_CAPTURE_AUTORELEASING = YES;
				CLANG_WARN_BOOL_CONVERSION = YES;
				CLANG_WARN_COMMA = YES;
				CLANG_WARN_CONSTANT_CONVERSION = YES;
				CLANG_WARN_DEPRECATED_OBJC_IMPLEMENTATIONS = YES;
				CLANG_WARN_DIRECT_OBJC_ISA_USAGE = YES_ERROR;
				CLANG_WARN_DOCUMENTATION_COMMENTS = YES;
				CLANG_WARN_EMPTY_BODY = YES;
				CLANG_WARN_ENUM_CONVERSION = YES;
				CLANG_WARN_INFINITE_RECURSION = YES;
				CLANG_WARN_INT_CONVERSION = YES;
				CLANG_WARN_NON_LITERAL_NULL_CONVERSION = YES;
				CLANG_WARN_OBJC_IMPLICIT_RETAIN_SELF = YES;
				CLANG_WARN_OBJC_LITERAL_CONVERSION = YES;
				CLANG_WARN_OBJC_ROOT_CLASS = YES_ERROR;
				CLANG_WARN_RANGE_LOOP_ANALYSIS = YES;
				CLANG_WARN_STRICT_PROTOTYPES = YES;
				CLANG_WARN_SUSPICIOUS_MOVE = YES;
				CLANG_WARN_UNGUARDED_AVAILABILITY = YES_AGGRESSIVE;
				CLANG_WARN_UNREACHABLE_CODE = YES;
				CLANG_WARN__DUPLICATE_METHOD_MATCH = YES;
				CODE_SIGN_IDENTITY = "iPhone Developer";
				COPY_PHASE_STRIP = NO;
				DEBUG_INFORMATION_FORMAT = dwarf;
				ENABLE_STRICT_OBJC_MSGSEND = YES;
				ENABLE_TESTABILITY = YES;
				GCC_C_LANGUAGE_STANDARD = gnu11;
				GCC_DYNAMIC_NO_PIC = NO;
				GCC_NO_COMMON_BLOCKS = YES;
				GCC_OPTIMIZATION_LEVEL = 0;
				GCC_PREPROCESSOR_DEFINITIONS = (
					"DEBUG=1",
					"$(inherited)",
				);
				GCC_WARN_64_TO_32_BIT_CONVERSION = YES;
				GCC_WARN_ABOUT_RETURN_TYPE = YES_ERROR;
				GCC_WARN_UNDECLARED_SELECTOR = YES;
				GCC_WARN_UNINITIALIZED_AUTOS = YES_AGGRESSIVE;
				GCC_WARN_UNUSED_FUNCTION = YES;
				GCC_WARN_UNUSED_VARIABLE = YES;
				IPHONEOS_DEPLOYMENT_TARGET = 11.4;
				MTL_ENABLE_DEBUG_INFO = YES;
				ONLY_ACTIVE_ARCH = YES;
				SDKROOT = iphoneos;
				SWIFT_ACTIVE_COMPILATION_CONDITIONS = DEBUG;
				SWIFT_OPTIMIZATION_LEVEL = "-Onone";
			};
			name = Debug;
		};
		2E4944C52187DEE100A97FB9 /* Release */ = {
			isa = XCBuildConfiguration;
			buildSettings = {
				ALWAYS_SEARCH_USER_PATHS = NO;
				CLANG_ANALYZER_NONNULL = YES;
				CLANG_ANALYZER_NUMBER_OBJECT_CONVERSION = YES_AGGRESSIVE;
				CLANG_CXX_LANGUAGE_STANDARD = "gnu++14";
				CLANG_CXX_LIBRARY = "libc++";
				CLANG_ENABLE_MODULES = YES;
				CLANG_ENABLE_OBJC_ARC = YES;
				CLANG_ENABLE_OBJC_WEAK = YES;
				CLANG_WARN_BLOCK_CAPTURE_AUTORELEASING = YES;
				CLANG_WARN_BOOL_CONVERSION = YES;
				CLANG_WARN_COMMA = YES;
				CLANG_WARN_CONSTANT_CONVERSION = YES;
				CLANG_WARN_DEPRECATED_OBJC_IMPLEMENTATIONS = YES;
				CLANG_WARN_DIRECT_OBJC_ISA_USAGE = YES_ERROR;
				CLANG_WARN_DOCUMENTATION_COMMENTS = YES;
				CLANG_WARN_EMPTY_BODY = YES;
				CLANG_WARN_ENUM_CONVERSION = YES;
				CLANG_WARN_INFINITE_RECURSION = YES;
				CLANG_WARN_INT_CONVERSION = YES;
				CLANG_WARN_NON_LITERAL_NULL_CONVERSION = YES;
				CLANG_WARN_OBJC_IMPLICIT_RETAIN_SELF = YES;
				CLANG_WARN_OBJC_LITERAL_CONVERSION = YES;
				CLANG_WARN_OBJC_ROOT_CLASS = YES_ERROR;
				CLANG_WARN_RANGE_LOOP_ANALYSIS = YES;
				CLANG_WARN_STRICT_PROTOTYPES = YES;
				CLANG_WARN_SUSPICIOUS_MOVE = YES;
				CLANG_WARN_UNGUARDED_AVAILABILITY = YES_AGGRESSIVE;
				CLANG_WARN_UNREACHABLE_CODE = YES;
				CLANG_WARN__DUPLICATE_METHOD_MATCH = YES;
				CODE_SIGN_IDENTITY = "iPhone Developer";
				COPY_PHASE_STRIP = NO;
				DEBUG_INFORMATION_FORMAT = "dwarf-with-dsym";
				ENABLE_NS_ASSERTIONS = NO;
				ENABLE_STRICT_OBJC_MSGSEND = YES;
				GCC_C_LANGUAGE_STANDARD = gnu11;
				GCC_NO_COMMON_BLOCKS = YES;
				GCC_WARN_64_TO_32_BIT_CONVERSION = YES;
				GCC_WARN_ABOUT_RETURN_TYPE = YES_ERROR;
				GCC_WARN_UNDECLARED_SELECTOR = YES;
				GCC_WARN_UNINITIALIZED_AUTOS = YES_AGGRESSIVE;
				GCC_WARN_UNUSED_FUNCTION = YES;
				GCC_WARN_UNUSED_VARIABLE = YES;
				IPHONEOS_DEPLOYMENT_TARGET = 11.4;
				MTL_ENABLE_DEBUG_INFO = NO;
				SDKROOT = iphoneos;
				SWIFT_COMPILATION_MODE = wholemodule;
				SWIFT_OPTIMIZATION_LEVEL = "-O";
				VALIDATE_PRODUCT = YES;
			};
			name = Release;
		};
		2E4944C72187DEE100A97FB9 /* Debug */ = {
			isa = XCBuildConfiguration;
			baseConfigurationReference = CE06CF96A5684291A3C3C60C /* Pods-Bizy.debug.xcconfig */;
			buildSettings = {
				ASSETCATALOG_COMPILER_APPICON_NAME = AppIcon;
				CODE_SIGN_STYLE = Automatic;
				DEVELOPMENT_TEAM = CSB5C7P55F;
				INFOPLIST_FILE = Bizy/Info.plist;
				LD_RUNPATH_SEARCH_PATHS = (
					"$(inherited)",
					"@executable_path/Frameworks",
				);
				PRODUCT_BUNDLE_IDENTIFIER = Maitreyee.Bizy;
				PRODUCT_NAME = "$(TARGET_NAME)";
				SWIFT_VERSION = 4.0;
				TARGETED_DEVICE_FAMILY = "1,2";
			};
			name = Debug;
		};
		2E4944C82187DEE100A97FB9 /* Release */ = {
			isa = XCBuildConfiguration;
			baseConfigurationReference = 7B895FF69AC8C545A4491F36 /* Pods-Bizy.release.xcconfig */;
			buildSettings = {
				ASSETCATALOG_COMPILER_APPICON_NAME = AppIcon;
				CODE_SIGN_STYLE = Automatic;
				DEVELOPMENT_TEAM = CSB5C7P55F;
				INFOPLIST_FILE = Bizy/Info.plist;
				LD_RUNPATH_SEARCH_PATHS = (
					"$(inherited)",
					"@executable_path/Frameworks",
				);
				PRODUCT_BUNDLE_IDENTIFIER = Maitreyee.Bizy;
				PRODUCT_NAME = "$(TARGET_NAME)";
				SWIFT_VERSION = 4.0;
				TARGETED_DEVICE_FAMILY = "1,2";
			};
			name = Release;
		};
		2E4944CA2187DEE100A97FB9 /* Debug */ = {
			isa = XCBuildConfiguration;
			baseConfigurationReference = 70CEB54289FDECAD0E8FAE88 /* Pods-BizyTests.debug.xcconfig */;
			buildSettings = {
				ALWAYS_EMBED_SWIFT_STANDARD_LIBRARIES = YES;
				BUNDLE_LOADER = "$(TEST_HOST)";
				CODE_SIGN_STYLE = Automatic;
				INFOPLIST_FILE = BizyTests/Info.plist;
				LD_RUNPATH_SEARCH_PATHS = (
					"$(inherited)",
					"@executable_path/Frameworks",
					"@loader_path/Frameworks",
				);
				PRODUCT_BUNDLE_IDENTIFIER = Wolf.BizyTests;
				PRODUCT_NAME = "$(TARGET_NAME)";
				SWIFT_VERSION = 4.0;
				TARGETED_DEVICE_FAMILY = "1,2";
				TEST_HOST = "$(BUILT_PRODUCTS_DIR)/Bizy.app/Bizy";
			};
			name = Debug;
		};
		2E4944CB2187DEE100A97FB9 /* Release */ = {
			isa = XCBuildConfiguration;
			baseConfigurationReference = 68C38BC3FFE055A1C3E2B9B6 /* Pods-BizyTests.release.xcconfig */;
			buildSettings = {
				ALWAYS_EMBED_SWIFT_STANDARD_LIBRARIES = YES;
				BUNDLE_LOADER = "$(TEST_HOST)";
				CODE_SIGN_STYLE = Automatic;
				INFOPLIST_FILE = BizyTests/Info.plist;
				LD_RUNPATH_SEARCH_PATHS = (
					"$(inherited)",
					"@executable_path/Frameworks",
					"@loader_path/Frameworks",
				);
				PRODUCT_BUNDLE_IDENTIFIER = Wolf.BizyTests;
				PRODUCT_NAME = "$(TARGET_NAME)";
				SWIFT_VERSION = 4.0;
				TARGETED_DEVICE_FAMILY = "1,2";
				TEST_HOST = "$(BUILT_PRODUCTS_DIR)/Bizy.app/Bizy";
			};
			name = Release;
		};
		2E4944CD2187DEE100A97FB9 /* Debug */ = {
			isa = XCBuildConfiguration;
			baseConfigurationReference = CE870486F4CA2484BE89FB0F /* Pods-BizyUITests.debug.xcconfig */;
			buildSettings = {
				ALWAYS_EMBED_SWIFT_STANDARD_LIBRARIES = YES;
				CODE_SIGN_STYLE = Automatic;
				INFOPLIST_FILE = BizyUITests/Info.plist;
				LD_RUNPATH_SEARCH_PATHS = (
					"$(inherited)",
					"@executable_path/Frameworks",
					"@loader_path/Frameworks",
				);
				PRODUCT_BUNDLE_IDENTIFIER = Wolf.BizyUITests;
				PRODUCT_NAME = "$(TARGET_NAME)";
				SWIFT_VERSION = 4.0;
				TARGETED_DEVICE_FAMILY = "1,2";
				TEST_TARGET_NAME = Bizy;
			};
			name = Debug;
		};
		2E4944CE2187DEE100A97FB9 /* Release */ = {
			isa = XCBuildConfiguration;
			baseConfigurationReference = 218BA0C204732D86F13F1821 /* Pods-BizyUITests.release.xcconfig */;
			buildSettings = {
				ALWAYS_EMBED_SWIFT_STANDARD_LIBRARIES = YES;
				CODE_SIGN_STYLE = Automatic;
				INFOPLIST_FILE = BizyUITests/Info.plist;
				LD_RUNPATH_SEARCH_PATHS = (
					"$(inherited)",
					"@executable_path/Frameworks",
					"@loader_path/Frameworks",
				);
				PRODUCT_BUNDLE_IDENTIFIER = Wolf.BizyUITests;
				PRODUCT_NAME = "$(TARGET_NAME)";
				SWIFT_VERSION = 4.0;
				TARGETED_DEVICE_FAMILY = "1,2";
				TEST_TARGET_NAME = Bizy;
			};
			name = Release;
		};
/* End XCBuildConfiguration section */

/* Begin XCConfigurationList section */
		2E4944962187DEDF00A97FB9 /* Build configuration list for PBXProject "Bizy" */ = {
			isa = XCConfigurationList;
			buildConfigurations = (
				2E4944C42187DEE100A97FB9 /* Debug */,
				2E4944C52187DEE100A97FB9 /* Release */,
			);
			defaultConfigurationIsVisible = 0;
			defaultConfigurationName = Release;
		};
		2E4944C62187DEE100A97FB9 /* Build configuration list for PBXNativeTarget "Bizy" */ = {
			isa = XCConfigurationList;
			buildConfigurations = (
				2E4944C72187DEE100A97FB9 /* Debug */,
				2E4944C82187DEE100A97FB9 /* Release */,
			);
			defaultConfigurationIsVisible = 0;
			defaultConfigurationName = Release;
		};
		2E4944C92187DEE100A97FB9 /* Build configuration list for PBXNativeTarget "BizyTests" */ = {
			isa = XCConfigurationList;
			buildConfigurations = (
				2E4944CA2187DEE100A97FB9 /* Debug */,
				2E4944CB2187DEE100A97FB9 /* Release */,
			);
			defaultConfigurationIsVisible = 0;
			defaultConfigurationName = Release;
		};
		2E4944CC2187DEE100A97FB9 /* Build configuration list for PBXNativeTarget "BizyUITests" */ = {
			isa = XCConfigurationList;
			buildConfigurations = (
				2E4944CD2187DEE100A97FB9 /* Debug */,
				2E4944CE2187DEE100A97FB9 /* Release */,
			);
			defaultConfigurationIsVisible = 0;
			defaultConfigurationName = Release;
		};
/* End XCConfigurationList section */

/* Begin XCVersionGroup section */
		2E4944A52187DEE000A97FB9 /* Bizy.xcdatamodeld */ = {
			isa = XCVersionGroup;
			children = (
				2E11246021B1AA3300CAED5D /* Bizy 2.xcdatamodel */,
				2E4944A62187DEE000A97FB9 /* Bizy.xcdatamodel */,
			);
			currentVersion = 2E11246021B1AA3300CAED5D /* Bizy 2.xcdatamodel */;
			path = Bizy.xcdatamodeld;
			sourceTree = "<group>";
			versionGroupType = wrapper.xcdatamodel;
		};
/* End XCVersionGroup section */
	};
	rootObject = 2E4944932187DEDF00A97FB9 /* Project object */;
}
